<?xml version="1.0" encoding="utf-8"?>
<Project ToolsVersion="4.0" xmlns="http://schemas.microsoft.com/developer/msbuild/2003">
  <ItemGroup>
    <Filter Include="Common">
      <UniqueIdentifier>{ce61f704-5bbb-4490-9793-dc7349a5c908}</UniqueIdentifier>
    </Filter>
    <Filter Include="Code">
      <UniqueIdentifier>{aa9d5b03-97ae-4090-b248-d07cc37f0cfa}</UniqueIdentifier>
    </Filter>
  </ItemGroup>
  <ItemGroup>
    <ClInclude Include="Common\ICD.h">
      <Filter>Common</Filter>
    </ClInclude>
    <ClInclude Include="Common\MsgHandler.h">
      <Filter>Common</Filter>
    </ClInclude>
    <ClInclude Include="Server.h">
      <Filter>Code</Filter>
    </ClInclude>
  </ItemGroup>
  <ItemGroup>
    <ClCompile Include="Common\MsgHandler.cpp">
      <Filter>Common</Filter>
    </ClCompile>
    <ClCompile Include="Main.cpp">
      <Filter>Code</Filter>
    </ClCompile>
    <ClCompile Include="Server.cpp">
      <Filter>Code</Filter>
    </ClCompile>
  </ItemGroup>
</Project>